{
  "name": "@testingrequired/reqlang-wasm-example",
  "version": "1.0.0",
  "lockfileVersion": 3,
  "requires": true,
  "packages": {
    "": {
      "name": "@testingrequired/reqlang-wasm-example",
      "version": "1.0.0",
      "license": "MIT",
      "dependencies": {
        "@testingrequired/reqlang-wasm": "file:../wasm/pkg-node/pkg/testingrequired-reqlang-wasm-0.1.0.tgz"
      }
    },
    "node_modules/@testingrequired/reqlang-wasm": {
      "version": "0.1.0",
      "resolved": "file:../wasm/pkg-node/pkg/testingrequired-reqlang-wasm-0.1.0.tgz",
      "integrity": "sha512-CrAZy+AVLNTe8QlTHevi486CARKvA3JiQgm8jB2YrXH3lFXrxqWSCTSGxKBwOASUAA7WCJmvIZSdw8ut8u0yzw=="
    }
  }
}
